
Microsoft Visual Studio Solution File, Format Version 12.00
# Visual Studio Version 17
VisualStudioVersion = 17.13.36105.23 d17.13
MinimumVisualStudioVersion = 10.0.40219.1
Project("{FAE04EC0-301F-11D3-BF4B-00C04F79EFBC}") = "Verifica21", "Verifica21\Verifica21.csproj", "{37478D57-6911-4907-A7EA-0E55FDCD1979}"
EndProject
Global
	GlobalSection(SolutionConfigurationPlatforms) = preSolution
		Debug|Any CPU = Debug|Any CPU
		Release|Any CPU = Release|Any CPU
	EndGlobalSection
	GlobalSection(ProjectConfigurationPlatforms) = postSolution
		{37478D57-6911-4907-A7EA-0E55FDCD1979}.Debug|Any CPU.ActiveCfg = Debug|Any CPU
		{37478D57-6911-4907-A7EA-0E55FDCD1979}.Debug|Any CPU.Build.0 = Debug|Any CPU
		{37478D57-6911-4907-A7EA-0E55FDCD1979}.Release|Any CPU.ActiveCfg = Release|Any CPU
		{37478D57-6911-4907-A7EA-0E55FDCD1979}.Release|Any CPU.Build.0 = Release|Any CPU
	EndGlobalSection
	GlobalSection(SolutionProperties) = preSolution
		HideSolutionNode = FALSE
	EndGlobalSection
	GlobalSection(ExtensibilityGlobals) = postSolution
		SolutionGuid = {BB17E263-8764-4B99-BCA3-862CA3C4EF9B}
	EndGlobalSection
EndGlobal
